// !$*UTF8*$!
{
	archiveVersion = 1;
	classes = {
	};
	objectVersion = 56;
	objects = {

/* Begin PBXBuildFile section */
		180CCD982CA2B206001B85F6 /* SignInViewController.swift in Sources */ = {isa = PBXBuildFile; fileRef = 180CCD972CA2B206001B85F6 /* SignInViewController.swift */; };
		1820AC0D2D4CE5E100003D41 /* SignUpViewModel.swift in Sources */ = {isa = PBXBuildFile; fileRef = 1820AC0C2D4CE5E100003D41 /* SignUpViewModel.swift */; };
		1820AC0F2D4CE68100003D41 /* SignUpState.swift in Sources */ = {isa = PBXBuildFile; fileRef = 1820AC0E2D4CE68100003D41 /* SignUpState.swift */; };
		1820AC122D4CEAD800003D41 /* HomeCoordinator.swift in Sources */ = {isa = PBXBuildFile; fileRef = 1820AC112D4CEAD800003D41 /* HomeCoordinator.swift */; };
		1820AC152D4CEB1800003D41 /* HomeViewController.swift in Sources */ = {isa = PBXBuildFile; fileRef = 1820AC142D4CEB1800003D41 /* HomeViewController.swift */; };
		1820AC182D4CEB9C00003D41 /* HomeViewModel.swift in Sources */ = {isa = PBXBuildFile; fileRef = 1820AC172D4CEB9C00003D41 /* HomeViewModel.swift */; };
		185323742C8C71FC00121CB9 /* AppDelegate.swift in Sources */ = {isa = PBXBuildFile; fileRef = 185323732C8C71FC00121CB9 /* AppDelegate.swift */; };
		185323762C8C71FC00121CB9 /* SceneDelegate.swift in Sources */ = {isa = PBXBuildFile; fileRef = 185323752C8C71FC00121CB9 /* SceneDelegate.swift */; };
		1853237D2C8C71FD00121CB9 /* Assets.xcassets in Resources */ = {isa = PBXBuildFile; fileRef = 1853237C2C8C71FD00121CB9 /* Assets.xcassets */; };
		185323802C8C71FD00121CB9 /* Base in Resources */ = {isa = PBXBuildFile; fileRef = 1853237F2C8C71FD00121CB9 /* Base */; };
		185B58672D7F2217006ED3BE /* LoadingButton.swift in Sources */ = {isa = PBXBuildFile; fileRef = 185B58662D7F2216006ED3BE /* LoadingButton.swift */; };
		189494EB2D3534A0000D0BFB /* SignUpViewController.swift in Sources */ = {isa = PBXBuildFile; fileRef = 189494EA2D3534A0000D0BFB /* SignUpViewController.swift */; };
		18B0FF982D411B0F0000289C /* SignUpCoordinator.swift in Sources */ = {isa = PBXBuildFile; fileRef = 18B0FF972D411B0F0000289C /* SignUpCoordinator.swift */; };
		18BAC9242D22D51100D060AC /* SignInState.swift in Sources */ = {isa = PBXBuildFile; fileRef = 18BAC9232D22D51000D060AC /* SignInState.swift */; };
		18C9DF7F2D3E4F6D00CD484F /* SignInCoordinator.swift in Sources */ = {isa = PBXBuildFile; fileRef = 18C9DF7E2D3E4F6D00CD484F /* SignInCoordinator.swift */; };
		18F289272CDCE783009E169E /* SignInViewModel.swift in Sources */ = {isa = PBXBuildFile; fileRef = 18F289262CDCE783009E169E /* SignInViewModel.swift */; };
/* End PBXBuildFile section */

/* Begin PBXFileReference section */
		180CCD972CA2B206001B85F6 /* SignInViewController.swift */ = {isa = PBXFileReference; lastKnownFileType = sourcecode.swift; path = SignInViewController.swift; sourceTree = "<group>"; };
		1820AC0C2D4CE5E100003D41 /* SignUpViewModel.swift */ = {isa = PBXFileReference; lastKnownFileType = sourcecode.swift; path = SignUpViewModel.swift; sourceTree = "<group>"; };
		1820AC0E2D4CE68100003D41 /* SignUpState.swift */ = {isa = PBXFileReference; lastKnownFileType = sourcecode.swift; path = SignUpState.swift; sourceTree = "<group>"; };
		1820AC112D4CEAD800003D41 /* HomeCoordinator.swift */ = {isa = PBXFileReference; lastKnownFileType = sourcecode.swift; path = HomeCoordinator.swift; sourceTree = "<group>"; };
		1820AC142D4CEB1800003D41 /* HomeViewController.swift */ = {isa = PBXFileReference; lastKnownFileType = sourcecode.swift; path = HomeViewController.swift; sourceTree = "<group>"; };
		1820AC172D4CEB9C00003D41 /* HomeViewModel.swift */ = {isa = PBXFileReference; lastKnownFileType = sourcecode.swift; path = HomeViewModel.swift; sourceTree = "<group>"; };
		185323702C8C71FC00121CB9 /* KingBurguer.app */ = {isa = PBXFileReference; explicitFileType = wrapper.application; includeInIndex = 0; path = KingBurguer.app; sourceTree = BUILT_PRODUCTS_DIR; };
		185323732C8C71FC00121CB9 /* AppDelegate.swift */ = {isa = PBXFileReference; lastKnownFileType = sourcecode.swift; path = AppDelegate.swift; sourceTree = "<group>"; };
		185323752C8C71FC00121CB9 /* SceneDelegate.swift */ = {isa = PBXFileReference; lastKnownFileType = sourcecode.swift; path = SceneDelegate.swift; sourceTree = "<group>"; };
		1853237C2C8C71FD00121CB9 /* Assets.xcassets */ = {isa = PBXFileReference; lastKnownFileType = folder.assetcatalog; path = Assets.xcassets; sourceTree = "<group>"; };
		1853237F2C8C71FD00121CB9 /* Base */ = {isa = PBXFileReference; lastKnownFileType = file.storyboard; name = Base; path = Base.lproj/LaunchScreen.storyboard; sourceTree = "<group>"; };
		185323812C8C71FD00121CB9 /* Info.plist */ = {isa = PBXFileReference; lastKnownFileType = text.plist.xml; path = Info.plist; sourceTree = "<group>"; };
		185B58662D7F2216006ED3BE /* LoadingButton.swift */ = {isa = PBXFileReference; lastKnownFileType = sourcecode.swift; path = LoadingButton.swift; sourceTree = "<group>"; };
		189494EA2D3534A0000D0BFB /* SignUpViewController.swift */ = {isa = PBXFileReference; lastKnownFileType = sourcecode.swift; path = SignUpViewController.swift; sourceTree = "<group>"; };
		18B0FF972D411B0F0000289C /* SignUpCoordinator.swift */ = {isa = PBXFileReference; lastKnownFileType = sourcecode.swift; path = SignUpCoordinator.swift; sourceTree = "<group>"; };
		18BAC9232D22D51000D060AC /* SignInState.swift */ = {isa = PBXFileReference; lastKnownFileType = sourcecode.swift; path = SignInState.swift; sourceTree = "<group>"; };
		18C9DF7E2D3E4F6D00CD484F /* SignInCoordinator.swift */ = {isa = PBXFileReference; lastKnownFileType = sourcecode.swift; path = SignInCoordinator.swift; sourceTree = "<group>"; };
		18F289262CDCE783009E169E /* SignInViewModel.swift */ = {isa = PBXFileReference; lastKnownFileType = sourcecode.swift; path = SignInViewModel.swift; sourceTree = "<group>"; };
/* End PBXFileReference section */

/* Begin PBXFrameworksBuildPhase section */
		1853236D2C8C71FC00121CB9 /* Frameworks */ = {
			isa = PBXFrameworksBuildPhase;
			buildActionMask = 2147483647;
			files = (
			);
			runOnlyForDeploymentPostprocessing = 0;
		};
/* End PBXFrameworksBuildPhase section */

/* Begin PBXGroup section */
		180CCD952CA2B1CB001B85F6 /* SignIn */ = {
			isa = PBXGroup;
			children = (
				18F289252CDCE716009E169E /* ViewModel */,
				180CCD962CA2B1DA001B85F6 /* View */,
				18C9DF7E2D3E4F6D00CD484F /* SignInCoordinator.swift */,
			);
			path = SignIn;
			sourceTree = "<group>";
		};
		180CCD962CA2B1DA001B85F6 /* View */ = {
			isa = PBXGroup;
			children = (
				180CCD972CA2B206001B85F6 /* SignInViewController.swift */,
			);
			path = View;
			sourceTree = "<group>";
		};
		1820AC102D4CEABB00003D41 /* Home */ = {
			isa = PBXGroup;
			children = (
				1820AC162D4CEB8900003D41 /* ViewModel */,
				1820AC132D4CEAFB00003D41 /* View */,
				1820AC112D4CEAD800003D41 /* HomeCoordinator.swift */,
			);
			path = Home;
			sourceTree = "<group>";
		};
		1820AC132D4CEAFB00003D41 /* View */ = {
			isa = PBXGroup;
			children = (
				1820AC142D4CEB1800003D41 /* HomeViewController.swift */,
			);
			path = View;
			sourceTree = "<group>";
		};
		1820AC162D4CEB8900003D41 /* ViewModel */ = {
			isa = PBXGroup;
			children = (
				1820AC172D4CEB9C00003D41 /* HomeViewModel.swift */,
			);
			path = ViewModel;
			sourceTree = "<group>";
		};
		182D490E2D48F72700FE7D8F /* ViewModel */ = {
			isa = PBXGroup;
			children = (
				1820AC0C2D4CE5E100003D41 /* SignUpViewModel.swift */,
				1820AC0E2D4CE68100003D41 /* SignUpState.swift */,
			);
			path = ViewModel;
			sourceTree = "<group>";
		};
		185323672C8C71FC00121CB9 = {
			isa = PBXGroup;
			children = (
				185323722C8C71FC00121CB9 /* KingBurguer */,
				185323712C8C71FC00121CB9 /* Products */,
			);
			sourceTree = "<group>";
		};
		185323712C8C71FC00121CB9 /* Products */ = {
			isa = PBXGroup;
			children = (
				185323702C8C71FC00121CB9 /* KingBurguer.app */,
			);
			name = Products;
			sourceTree = "<group>";
		};
		185323722C8C71FC00121CB9 /* KingBurguer */ = {
			isa = PBXGroup;
			children = (
				185B58642D7F21CA006ED3BE /* Common */,
				1820AC102D4CEABB00003D41 /* Home */,
				189494E82D353422000D0BFB /* SignUp */,
				180CCD952CA2B1CB001B85F6 /* SignIn */,
				185323732C8C71FC00121CB9 /* AppDelegate.swift */,
				185323752C8C71FC00121CB9 /* SceneDelegate.swift */,
				1853237C2C8C71FD00121CB9 /* Assets.xcassets */,
				1853237E2C8C71FD00121CB9 /* LaunchScreen.storyboard */,
				185323812C8C71FD00121CB9 /* Info.plist */,
			);
			path = KingBurguer;
			sourceTree = "<group>";
		};
		185B58642D7F21CA006ED3BE /* Common */ = {
			isa = PBXGroup;
			children = (
				185B58652D7F21D6006ED3BE /* View */,
			);
			path = Common;
			sourceTree = "<group>";
		};
		185B58652D7F21D6006ED3BE /* View */ = {
			isa = PBXGroup;
			children = (
				185B58662D7F2216006ED3BE /* LoadingButton.swift */,
			);
			path = View;
			sourceTree = "<group>";
		};
		189494E82D353422000D0BFB /* SignUp */ = {
			isa = PBXGroup;
			children = (
				182D490E2D48F72700FE7D8F /* ViewModel */,
				189494E92D353485000D0BFB /* View */,
				18B0FF972D411B0F0000289C /* SignUpCoordinator.swift */,
			);
			path = SignUp;
			sourceTree = "<group>";
		};
		189494E92D353485000D0BFB /* View */ = {
			isa = PBXGroup;
			children = (
				189494EA2D3534A0000D0BFB /* SignUpViewController.swift */,
			);
			path = View;
			sourceTree = "<group>";
		};
		18F289252CDCE716009E169E /* ViewModel */ = {
			isa = PBXGroup;
			children = (
				18F289262CDCE783009E169E /* SignInViewModel.swift */,
				18BAC9232D22D51000D060AC /* SignInState.swift */,
			);
			path = ViewModel;
			sourceTree = "<group>";
		};
/* End PBXGroup section */

/* Begin PBXNativeTarget section */
		1853236F2C8C71FC00121CB9 /* KingBurguer */ = {
			isa = PBXNativeTarget;
			buildConfigurationList = 185323842C8C71FD00121CB9 /* Build configuration list for PBXNativeTarget "KingBurguer" */;
			buildPhases = (
				1853236C2C8C71FC00121CB9 /* Sources */,
				1853236D2C8C71FC00121CB9 /* Frameworks */,
				1853236E2C8C71FC00121CB9 /* Resources */,
			);
			buildRules = (
			);
			dependencies = (
			);
			name = KingBurguer;
			productName = KingBurguer;
			productReference = 185323702C8C71FC00121CB9 /* KingBurguer.app */;
			productType = "com.apple.product-type.application";
		};
/* End PBXNativeTarget section */

/* Begin PBXProject section */
		185323682C8C71FC00121CB9 /* Project object */ = {
			isa = PBXProject;
			attributes = {
				BuildIndependentTargetsInParallel = 1;
				LastSwiftUpdateCheck = 1540;
				LastUpgradeCheck = 1540;
				TargetAttributes = {
					1853236F2C8C71FC00121CB9 = {
						CreatedOnToolsVersion = 15.4;
					};
				};
			};
			buildConfigurationList = 1853236B2C8C71FC00121CB9 /* Build configuration list for PBXProject "KingBurguer" */;
			compatibilityVersion = "Xcode 14.0";
			developmentRegion = en;
			hasScannedForEncodings = 0;
			knownRegions = (
				en,
				Base,
			);
			mainGroup = 185323672C8C71FC00121CB9;
			productRefGroup = 185323712C8C71FC00121CB9 /* Products */;
			projectDirPath = "";
			projectRoot = "";
			targets = (
				1853236F2C8C71FC00121CB9 /* KingBurguer */,
			);
		};
/* End PBXProject section */

/* Begin PBXResourcesBuildPhase section */
		1853236E2C8C71FC00121CB9 /* Resources */ = {
			isa = PBXResourcesBuildPhase;
			buildActionMask = 2147483647;
			files = (
				1853237D2C8C71FD00121CB9 /* Assets.xcassets in Resources */,
				185323802C8C71FD00121CB9 /* Base in Resources */,
			);
			runOnlyForDeploymentPostprocessing = 0;
		};
/* End PBXResourcesBuildPhase section */

/* Begin PBXSourcesBuildPhase section */
		1853236C2C8C71FC00121CB9 /* Sources */ = {
			isa = PBXSourcesBuildPhase;
			buildActionMask = 2147483647;
			files = (
				189494EB2D3534A0000D0BFB /* SignUpViewController.swift in Sources */,
				18F289272CDCE783009E169E /* SignInViewModel.swift in Sources */,
				180CCD982CA2B206001B85F6 /* SignInViewController.swift in Sources */,
				185323742C8C71FC00121CB9 /* AppDelegate.swift in Sources */,
				1820AC0D2D4CE5E100003D41 /* SignUpViewModel.swift in Sources */,
				18B0FF982D411B0F0000289C /* SignUpCoordinator.swift in Sources */,
				18C9DF7F2D3E4F6D00CD484F /* SignInCoordinator.swift in Sources */,
				1820AC0F2D4CE68100003D41 /* SignUpState.swift in Sources */,
				1820AC182D4CEB9C00003D41 /* HomeViewModel.swift in Sources */,
				185B58672D7F2217006ED3BE /* LoadingButton.swift in Sources */,
				185323762C8C71FC00121CB9 /* SceneDelegate.swift in Sources */,
				18BAC9242D22D51100D060AC /* SignInState.swift in Sources */,
				1820AC122D4CEAD800003D41 /* HomeCoordinator.swift in Sources */,
				1820AC152D4CEB1800003D41 /* HomeViewController.swift in Sources */,
			);
			runOnlyForDeploymentPostprocessing = 0;
		};
/* End PBXSourcesBuildPhase section */

/* Begin PBXVariantGroup section */
		1853237E2C8C71FD00121CB9 /* LaunchScreen.storyboard */ = {
			isa = PBXVariantGroup;
			children = (
				1853237F2C8C71FD00121CB9 /* Base */,
			);
			name = LaunchScreen.storyboard;
			sourceTree = "<group>";
		};
/* End PBXVariantGroup section */

/* Begin XCBuildConfiguration section */
		185323822C8C71FD00121CB9 /* Debug */ = {
			isa = XCBuildConfiguration;
			buildSettings = {
				ALWAYS_SEARCH_USER_PATHS = NO;
				ASSETCATALOG_COMPILER_GENERATE_SWIFT_ASSET_SYMBOL_EXTENSIONS = YES;
				CLANG_ANALYZER_NONNULL = YES;
				CLANG_ANALYZER_NUMBER_OBJECT_CONVERSION = YES_AGGRESSIVE;
				CLANG_CXX_LANGUAGE_STANDARD = "gnu++20";
				CLANG_ENABLE_MODULES = YES;
				CLANG_ENABLE_OBJC_ARC = YES;
				CLANG_ENABLE_OBJC_WEAK = YES;
				CLANG_WARN_BLOCK_CAPTURE_AUTORELEASING = YES;
				CLANG_WARN_BOOL_CONVERSION = YES;
				CLANG_WARN_COMMA = YES;
				CLANG_WARN_CONSTANT_CONVERSION = YES;
				CLANG_WARN_DEPRECATED_OBJC_IMPLEMENTATIONS = YES;
				CLANG_WARN_DIRECT_OBJC_ISA_USAGE = YES_ERROR;
				CLANG_WARN_DOCUMENTATION_COMMENTS = YES;
				CLANG_WARN_EMPTY_BODY = YES;
				CLANG_WARN_ENUM_CONVERSION = YES;
				CLANG_WARN_INFINITE_RECURSION = YES;
				CLANG_WARN_INT_CONVERSION = YES;
				CLANG_WARN_NON_LITERAL_NULL_CONVERSION = YES;
				CLANG_WARN_OBJC_IMPLICIT_RETAIN_SELF = YES;
				CLANG_WARN_OBJC_LITERAL_CONVERSION = YES;
				CLANG_WARN_OBJC_ROOT_CLASS = YES_ERROR;
				CLANG_WARN_QUOTED_INCLUDE_IN_FRAMEWORK_HEADER = YES;
				CLANG_WARN_RANGE_LOOP_ANALYSIS = YES;
				CLANG_WARN_STRICT_PROTOTYPES = YES;
				CLANG_WARN_SUSPICIOUS_MOVE = YES;
				CLANG_WARN_UNGUARDED_AVAILABILITY = YES_AGGRESSIVE;
				CLANG_WARN_UNREACHABLE_CODE = YES;
				CLANG_WARN__DUPLICATE_METHOD_MATCH = YES;
				COPY_PHASE_STRIP = NO;
				DEBUG_INFORMATION_FORMAT = dwarf;
				ENABLE_STRICT_OBJC_MSGSEND = YES;
				ENABLE_TESTABILITY = YES;
				ENABLE_USER_SCRIPT_SANDBOXING = YES;
				GCC_C_LANGUAGE_STANDARD = gnu17;
				GCC_DYNAMIC_NO_PIC = NO;
				GCC_NO_COMMON_BLOCKS = YES;
				GCC_OPTIMIZATION_LEVEL = 0;
				GCC_PREPROCESSOR_DEFINITIONS = (
					"DEBUG=1",
					"$(inherited)",
				);
				GCC_WARN_64_TO_32_BIT_CONVERSION = YES;
				GCC_WARN_ABOUT_RETURN_TYPE = YES_ERROR;
				GCC_WARN_UNDECLARED_SELECTOR = YES;
				GCC_WARN_UNINITIALIZED_AUTOS = YES_AGGRESSIVE;
				GCC_WARN_UNUSED_FUNCTION = YES;
				GCC_WARN_UNUSED_VARIABLE = YES;
				IPHONEOS_DEPLOYMENT_TARGET = 17.5;
				LOCALIZATION_PREFERS_STRING_CATALOGS = YES;
				MTL_ENABLE_DEBUG_INFO = INCLUDE_SOURCE;
				MTL_FAST_MATH = YES;
				ONLY_ACTIVE_ARCH = YES;
				SDKROOT = iphoneos;
				SWIFT_ACTIVE_COMPILATION_CONDITIONS = "DEBUG $(inherited)";
				SWIFT_OPTIMIZATION_LEVEL = "-Onone";
			};
			name = Debug;
		};
		185323832C8C71FD00121CB9 /* Release */ = {
			isa = XCBuildConfiguration;
			buildSettings = {
				ALWAYS_SEARCH_USER_PATHS = NO;
				ASSETCATALOG_COMPILER_GENERATE_SWIFT_ASSET_SYMBOL_EXTENSIONS = YES;
				CLANG_ANALYZER_NONNULL = YES;
				CLANG_ANALYZER_NUMBER_OBJECT_CONVERSION = YES_AGGRESSIVE;
				CLANG_CXX_LANGUAGE_STANDARD = "gnu++20";
				CLANG_ENABLE_MODULES = YES;
				CLANG_ENABLE_OBJC_ARC = YES;
				CLANG_ENABLE_OBJC_WEAK = YES;
				CLANG_WARN_BLOCK_CAPTURE_AUTORELEASING = YES;
				CLANG_WARN_BOOL_CONVERSION = YES;
				CLANG_WARN_COMMA = YES;
				CLANG_WARN_CONSTANT_CONVERSION = YES;
				CLANG_WARN_DEPRECATED_OBJC_IMPLEMENTATIONS = YES;
				CLANG_WARN_DIRECT_OBJC_ISA_USAGE = YES_ERROR;
				CLANG_WARN_DOCUMENTATION_COMMENTS = YES;
				CLANG_WARN_EMPTY_BODY = YES;
				CLANG_WARN_ENUM_CONVERSION = YES;
				CLANG_WARN_INFINITE_RECURSION = YES;
				CLANG_WARN_INT_CONVERSION = YES;
				CLANG_WARN_NON_LITERAL_NULL_CONVERSION = YES;
				CLANG_WARN_OBJC_IMPLICIT_RETAIN_SELF = YES;
				CLANG_WARN_OBJC_LITERAL_CONVERSION = YES;
				CLANG_WARN_OBJC_ROOT_CLASS = YES_ERROR;
				CLANG_WARN_QUOTED_INCLUDE_IN_FRAMEWORK_HEADER = YES;
				CLANG_WARN_RANGE_LOOP_ANALYSIS = YES;
				CLANG_WARN_STRICT_PROTOTYPES = YES;
				CLANG_WARN_SUSPICIOUS_MOVE = YES;
				CLANG_WARN_UNGUARDED_AVAILABILITY = YES_AGGRESSIVE;
				CLANG_WARN_UNREACHABLE_CODE = YES;
				CLANG_WARN__DUPLICATE_METHOD_MATCH = YES;
				COPY_PHASE_STRIP = NO;
				DEBUG_INFORMATION_FORMAT = "dwarf-with-dsym";
				ENABLE_NS_ASSERTIONS = NO;
				ENABLE_STRICT_OBJC_MSGSEND = YES;
				ENABLE_USER_SCRIPT_SANDBOXING = YES;
				GCC_C_LANGUAGE_STANDARD = gnu17;
				GCC_NO_COMMON_BLOCKS = YES;
				GCC_WARN_64_TO_32_BIT_CONVERSION = YES;
				GCC_WARN_ABOUT_RETURN_TYPE = YES_ERROR;
				GCC_WARN_UNDECLARED_SELECTOR = YES;
				GCC_WARN_UNINITIALIZED_AUTOS = YES_AGGRESSIVE;
				GCC_WARN_UNUSED_FUNCTION = YES;
				GCC_WARN_UNUSED_VARIABLE = YES;
				IPHONEOS_DEPLOYMENT_TARGET = 17.5;
				LOCALIZATION_PREFERS_STRING_CATALOGS = YES;
				MTL_ENABLE_DEBUG_INFO = NO;
				MTL_FAST_MATH = YES;
				SDKROOT = iphoneos;
				SWIFT_COMPILATION_MODE = wholemodule;
				VALIDATE_PRODUCT = YES;
			};
			name = Release;
		};
		185323852C8C71FD00121CB9 /* Debug */ = {
			isa = XCBuildConfiguration;
			buildSettings = {
				ASSETCATALOG_COMPILER_APPICON_NAME = AppIcon;
				ASSETCATALOG_COMPILER_GLOBAL_ACCENT_COLOR_NAME = AccentColor;
				CODE_SIGN_STYLE = Automatic;
				CURRENT_PROJECT_VERSION = 1;
				DEVELOPMENT_TEAM = 8MF89G73K4;
				GENERATE_INFOPLIST_FILE = YES;
				INFOPLIST_FILE = KingBurguer/Info.plist;
				INFOPLIST_KEY_UIApplicationSupportsIndirectInputEvents = YES;
				INFOPLIST_KEY_UILaunchStoryboardName = LaunchScreen;
				INFOPLIST_KEY_UISupportedInterfaceOrientations_iPad = "UIInterfaceOrientationPortrait UIInterfaceOrientationPortraitUpsideDown UIInterfaceOrientationLandscapeLeft UIInterfaceOrientationLandscapeRight";
				INFOPLIST_KEY_UISupportedInterfaceOrientations_iPhone = "UIInterfaceOrientationPortrait UIInterfaceOrientationLandscapeLeft UIInterfaceOrientationLandscapeRight";
				LD_RUNPATH_SEARCH_PATHS = (
					"$(inherited)",
					"@executable_path/Frameworks",
				);
				MARKETING_VERSION = 1.0;
				PRODUCT_BUNDLE_IDENTIFIER = com.rudrigo.KingBurguer;
				PRODUCT_NAME = "$(TARGET_NAME)";
				SWIFT_EMIT_LOC_STRINGS = YES;
				SWIFT_VERSION = 5.0;
				TARGETED_DEVICE_FAMILY = "1,2";
			};
			name = Debug;
		};
		185323862C8C71FD00121CB9 /* Release */ = {
			isa = XCBuildConfiguration;
			buildSettings = {
				ASSETCATALOG_COMPILER_APPICON_NAME = AppIcon;
				ASSETCATALOG_COMPILER_GLOBAL_ACCENT_COLOR_NAME = AccentColor;
				CODE_SIGN_STYLE = Automatic;
				CURRENT_PROJECT_VERSION = 1;
				DEVELOPMENT_TEAM = 8MF89G73K4;
				GENERATE_INFOPLIST_FILE = YES;
				INFOPLIST_FILE = KingBurguer/Info.plist;
				INFOPLIST_KEY_UIApplicationSupportsIndirectInputEvents = YES;
				INFOPLIST_KEY_UILaunchStoryboardName = LaunchScreen;
				INFOPLIST_KEY_UISupportedInterfaceOrientations_iPad = "UIInterfaceOrientationPortrait UIInterfaceOrientationPortraitUpsideDown UIInterfaceOrientationLandscapeLeft UIInterfaceOrientationLandscapeRight";
				INFOPLIST_KEY_UISupportedInterfaceOrientations_iPhone = "UIInterfaceOrientationPortrait UIInterfaceOrientationLandscapeLeft UIInterfaceOrientationLandscapeRight";
				LD_RUNPATH_SEARCH_PATHS = (
					"$(inherited)",
					"@executable_path/Frameworks",
				);
				MARKETING_VERSION = 1.0;
				PRODUCT_BUNDLE_IDENTIFIER = com.rudrigo.KingBurguer;
				PRODUCT_NAME = "$(TARGET_NAME)";
				SWIFT_EMIT_LOC_STRINGS = YES;
				SWIFT_VERSION = 5.0;
				TARGETED_DEVICE_FAMILY = "1,2";
			};
			name = Release;
		};
/* End XCBuildConfiguration section */

/* Begin XCConfigurationList section */
		1853236B2C8C71FC00121CB9 /* Build configuration list for PBXProject "KingBurguer" */ = {
			isa = XCConfigurationList;
			buildConfigurations = (
				185323822C8C71FD00121CB9 /* Debug */,
				185323832C8C71FD00121CB9 /* Release */,
			);
			defaultConfigurationIsVisible = 0;
			defaultConfigurationName = Release;
		};
		185323842C8C71FD00121CB9 /* Build configuration list for PBXNativeTarget "KingBurguer" */ = {
			isa = XCConfigurationList;
			buildConfigurations = (
				185323852C8C71FD00121CB9 /* Debug */,
				185323862C8C71FD00121CB9 /* Release */,
			);
			defaultConfigurationIsVisible = 0;
			defaultConfigurationName = Release;
		};
/* End XCConfigurationList section */
	};
	rootObject = 185323682C8C71FC00121CB9 /* Project object */;
}
